<?xml version="1.0" encoding="utf-8"?>
<Project ToolsVersion="4.0" xmlns="http://schemas.microsoft.com/developer/msbuild/2003">
  <ItemGroup>
    <Filter Include="Файлы исходного кода">
      <UniqueIdentifier>{4FC737F1-C7A5-4376-A066-2A32D752A2FF}</UniqueIdentifier>
      <Extensions>cpp;c;cc;cxx;def;odl;idl;hpj;bat;asm;asmx</Extensions>
    </Filter>
    <Filter Include="Заголовочные файлы">
      <UniqueIdentifier>{93995380-89BD-4b04-88EB-625FBE52EBFB}</UniqueIdentifier>
      <Extensions>h;hpp;hxx;hm;inl;inc;xsd</Extensions>
    </Filter>
    <Filter Include="Файлы ресурсов">
      <UniqueIdentifier>{67DA6AB6-F800-4c08-8B7A-83BB121AAD01}</UniqueIdentifier>
      <Extensions>rc;ico;cur;bmp;dlg;rc2;rct;bin;rgs;gif;jpg;jpeg;jpe;resx;tiff;tif;png;wav</Extensions>
    </Filter>
    <Filter Include="Заголовочные файлы\getopt">
      <UniqueIdentifier>{b962f55e-cc1a-4ed1-b017-26c1a5295cec}</UniqueIdentifier>
    </Filter>
    <Filter Include="Файлы исходного кода\getopt">
      <UniqueIdentifier>{ae6cc7bc-7f6e-4e74-bae9-5ddac127582f}</UniqueIdentifier>
    </Filter>
    <Filter Include="Заголовочные файлы\cmd">
      <UniqueIdentifier>{4922ac5d-72a5-4ebb-a455-3e8332ee6dcc}</UniqueIdentifier>
    </Filter>
    <Filter Include="Файлы исходного кода\cmd">
      <UniqueIdentifier>{cede20d1-399a-468e-acdc-22fe5d199800}</UniqueIdentifier>
    </Filter>
    <Filter Include="Заголовочные файлы\sys">
      <UniqueIdentifier>{45bbe633-bc3a-4ef1-a907-283cd18432f7}</UniqueIdentifier>
    </Filter>
    <Filter Include="Файлы исходного кода\sys">
      <UniqueIdentifier>{b1c022f9-9a1e-4298-b9cb-b9d5bc652551}</UniqueIdentifier>
    </Filter>
    <Filter Include="Заголовочные файлы\server">
      <UniqueIdentifier>{c9485988-52a9-47b7-a5ac-2bd9598bc7c9}</UniqueIdentifier>
    </Filter>
    <Filter Include="Файлы исходного кода\server">
      <UniqueIdentifier>{41241ae1-e72c-4dac-b05b-55a2720a683f}</UniqueIdentifier>
    </Filter>
    <Filter Include="Заголовочные файлы\slre">
      <UniqueIdentifier>{219eb817-1ada-4d1c-98c2-c44b3a55a6d3}</UniqueIdentifier>
    </Filter>
    <Filter Include="Файлы исходного кода\slre">
      <UniqueIdentifier>{75e9ef82-4333-4ed8-92ea-286f9a495dd1}</UniqueIdentifier>
    </Filter>
  </ItemGroup>
  <ItemGroup>
    <ClCompile Include="main.cpp">
      <Filter>Файлы исходного кода</Filter>
    </ClCompile>
    <ClCompile Include="getopt\getopt.c">
      <Filter>Файлы исходного кода\getopt</Filter>
    </ClCompile>
    <ClCompile Include="cmd\parse.cpp">
      <Filter>Файлы исходного кода\cmd</Filter>
    </ClCompile>
    <ClCompile Include="cmd\daemonize.cpp">
      <Filter>Файлы исходного кода\cmd</Filter>
    </ClCompile>
    <ClCompile Include="sys\mutex.cpp">
      <Filter>Файлы исходного кода\sys</Filter>
    </ClCompile>
    <ClCompile Include="sys\thread.cpp">
      <Filter>Файлы исходного кода\sys</Filter>
    </ClCompile>
    <ClCompile Include="sys\log.cpp">
      <Filter>Файлы исходного кода\sys</Filter>
    </ClCompile>
    <ClCompile Include="server\on_connect.cpp">
      <Filter>Файлы исходного кода\server</Filter>
    </ClCompile>
    <ClCompile Include="server\clientstate.cpp">
      <Filter>Файлы исходного кода\server</Filter>
    </ClCompile>
    <ClCompile Include="server\response.cpp">
      <Filter>Файлы исходного кода\server</Filter>
    </ClCompile>
    <ClCompile Include="server\server.cpp">
      <Filter>Файлы исходного кода\server</Filter>
    </ClCompile>
    <ClCompile Include="..\..\SDKs\slre\slre.c">
      <Filter>Файлы исходного кода\slre</Filter>
    </ClCompile>
    <ClCompile Include="sys\threadpool.cpp">
      <Filter>Файлы исходного кода\sys</Filter>
    </ClCompile>
  </ItemGroup>
  <ItemGroup>
    <ClInclude Include="getopt\getopt.h">
      <Filter>Заголовочные файлы\getopt</Filter>
    </ClInclude>
    <ClInclude Include="cmd\parse.h">
      <Filter>Заголовочные файлы\cmd</Filter>
    </ClInclude>
    <ClInclude Include="cmd\daemonize.h">
      <Filter>Заголовочные файлы\cmd</Filter>
    </ClInclude>
    <ClInclude Include="sys\mutex.h">
      <Filter>Заголовочные файлы\sys</Filter>
    </ClInclude>
    <ClInclude Include="sys\thread.h">
      <Filter>Заголовочные файлы\sys</Filter>
    </ClInclude>
    <ClInclude Include="sys\log.h">
      <Filter>Заголовочные файлы\sys</Filter>
    </ClInclude>
    <ClInclude Include="server\on_connect.h">
      <Filter>Заголовочные файлы\server</Filter>
    </ClInclude>
    <ClInclude Include="config.h">
      <Filter>Заголовочные файлы</Filter>
    </ClInclude>
    <ClInclude Include="server\clientstate.h">
      <Filter>Заголовочные файлы\server</Filter>
    </ClInclude>
    <ClInclude Include="server\requestparsingstate.h">
      <Filter>Заголовочные файлы\server</Filter>
    </ClInclude>
    <ClInclude Include="server\response.h">
      <Filter>Заголовочные файлы\server</Filter>
    </ClInclude>
    <ClInclude Include="server\server.h">
      <Filter>Заголовочные файлы\server</Filter>
    </ClInclude>
    <ClInclude Include="slre\slre.h">
      <Filter>Заголовочные файлы\slre</Filter>
    </ClInclude>
    <ClInclude Include="sys\threadpool.h">
      <Filter>Заголовочные файлы\sys</Filter>
    </ClInclude>
  </ItemGroup>
</Project>